
Microsoft Visual Studio Solution File, Format Version 12.00
# Visual Studio Version 16
VisualStudioVersion = 16.0.30011.22
MinimumVisualStudioVersion = 10.0.40219.1
Project("{FAE04EC0-301F-11D3-BF4B-00C04F79EFBC}") = "01.23", "01.23\01.23.csproj", "{B04923CC-076F-44D1-A2E0-548785F39261}"
EndProject
Global
	GlobalSection(SolutionConfigurationPlatforms) = preSolution
		Debug|Any CPU = Debug|Any CPU
		Release|Any CPU = Release|Any CPU
	EndGlobalSection
	GlobalSection(ProjectConfigurationPlatforms) = postSolution
		{B04923CC-076F-44D1-A2E0-548785F39261}.Debug|Any CPU.ActiveCfg = Debug|Any CPU
		{B04923CC-076F-44D1-A2E0-548785F39261}.Debug|Any CPU.Build.0 = Debug|Any CPU
		{B04923CC-076F-44D1-A2E0-548785F39261}.Release|Any CPU.ActiveCfg = Release|Any CPU
		{B04923CC-076F-44D1-A2E0-548785F39261}.Release|Any CPU.Build.0 = Release|Any CPU
	EndGlobalSection
	GlobalSection(SolutionProperties) = preSolution
		HideSolutionNode = FALSE
	EndGlobalSection
	GlobalSection(ExtensibilityGlobals) = postSolution
		SolutionGuid = {D16C7CBE-2D77-4041-B929-2458C4F85E5F}
	EndGlobalSection
EndGlobal
